
Microsoft Visual Studio Solution File, Format Version 12.00
# Visual Studio 14
VisualStudioVersion = 14.0.25420.1
MinimumVisualStudioVersion = 10.0.40219.1
Project("{FAE04EC0-301F-11D3-BF4B-00C04F79EFBC}") = "RpgGame", "RpgGame\RpgGame.csproj", "{4B1F4E45-0D81-436A-8FC6-009A2A91D4FB}"
EndProject
Project("{FAE04EC0-301F-11D3-BF4B-00C04F79EFBC}") = "RpgGame.Data", "RphGame.Data\RpgGame.Data.csproj", "{A5C4A3A2-70A9-479E-8C3D-27927913777A}"
EndProject
Project("{FAE04EC0-301F-11D3-BF4B-00C04F79EFBC}") = "RpgGame.Models", "RpgGame.Models\RpgGame.Models.csproj", "{453FF8BC-5E17-402C-81D0-6D19F19CCCFE}"
EndProject
Project("{FAE04EC0-301F-11D3-BF4B-00C04F79EFBC}") = "RpgGame.ModelDTOs", "RpgGame.ModelDTOs\RpgGame.ModelDTOs.csproj", "{94B0B81F-9C33-4CFE-A7EF-F75A3796DA93}"
EndProject
Project("{FAE04EC0-301F-11D3-BF4B-00C04F79EFBC}") = "RpgGame.Utilities", "RpgGame.Utilities\RpgGame.Utilities.csproj", "{02EA79A3-5F5E-46F0-92CD-23A086B33C91}"
EndProject
Global
	GlobalSection(SolutionConfigurationPlatforms) = preSolution
		Debug|Any CPU = Debug|Any CPU
		Release|Any CPU = Release|Any CPU
	EndGlobalSection
	GlobalSection(ProjectConfigurationPlatforms) = postSolution
		{4B1F4E45-0D81-436A-8FC6-009A2A91D4FB}.Debug|Any CPU.ActiveCfg = Debug|Any CPU
		{4B1F4E45-0D81-436A-8FC6-009A2A91D4FB}.Debug|Any CPU.Build.0 = Debug|Any CPU
		{4B1F4E45-0D81-436A-8FC6-009A2A91D4FB}.Release|Any CPU.ActiveCfg = Release|Any CPU
		{4B1F4E45-0D81-436A-8FC6-009A2A91D4FB}.Release|Any CPU.Build.0 = Release|Any CPU
		{A5C4A3A2-70A9-479E-8C3D-27927913777A}.Debug|Any CPU.ActiveCfg = Debug|Any CPU
		{A5C4A3A2-70A9-479E-8C3D-27927913777A}.Debug|Any CPU.Build.0 = Debug|Any CPU
		{A5C4A3A2-70A9-479E-8C3D-27927913777A}.Release|Any CPU.ActiveCfg = Release|Any CPU
		{A5C4A3A2-70A9-479E-8C3D-27927913777A}.Release|Any CPU.Build.0 = Release|Any CPU
		{453FF8BC-5E17-402C-81D0-6D19F19CCCFE}.Debug|Any CPU.ActiveCfg = Debug|Any CPU
		{453FF8BC-5E17-402C-81D0-6D19F19CCCFE}.Debug|Any CPU.Build.0 = Debug|Any CPU
		{453FF8BC-5E17-402C-81D0-6D19F19CCCFE}.Release|Any CPU.ActiveCfg = Release|Any CPU
		{453FF8BC-5E17-402C-81D0-6D19F19CCCFE}.Release|Any CPU.Build.0 = Release|Any CPU
		{94B0B81F-9C33-4CFE-A7EF-F75A3796DA93}.Debug|Any CPU.ActiveCfg = Debug|Any CPU
		{94B0B81F-9C33-4CFE-A7EF-F75A3796DA93}.Debug|Any CPU.Build.0 = Debug|Any CPU
		{94B0B81F-9C33-4CFE-A7EF-F75A3796DA93}.Release|Any CPU.ActiveCfg = Release|Any CPU
		{94B0B81F-9C33-4CFE-A7EF-F75A3796DA93}.Release|Any CPU.Build.0 = Release|Any CPU
		{02EA79A3-5F5E-46F0-92CD-23A086B33C91}.Debug|Any CPU.ActiveCfg = Debug|Any CPU
		{02EA79A3-5F5E-46F0-92CD-23A086B33C91}.Debug|Any CPU.Build.0 = Debug|Any CPU
		{02EA79A3-5F5E-46F0-92CD-23A086B33C91}.Release|Any CPU.ActiveCfg = Release|Any CPU
		{02EA79A3-5F5E-46F0-92CD-23A086B33C91}.Release|Any CPU.Build.0 = Release|Any CPU
	EndGlobalSection
	GlobalSection(SolutionProperties) = preSolution
		HideSolutionNode = FALSE
	EndGlobalSection
EndGlobal
